{
  "name": "plate-stay",
  "version": "0.1.0",
  "lockfileVersion": 3,
  "requires": true,
  "packages": {
    "": {
      "name": "plate-stay",
      "version": "0.1.0",
      "license": "MIT",
      "dependencies": {
        "markstay": "^0.2.1"
      },
      "engines": {
        "node": ">=22"
      }
    },
    "node_modules/markstay": {
      "version": "0.2.1",
      "resolved": "https://registry.npmjs.org/markstay/-/markstay-0.2.1.tgz",
      "integrity": "sha512-c+8yPb96VrNPZsTIzjsOZAhcCRCRR1t5jDwdEYFTF8DS/6Si7XqvYwZCYAxoqXOHALQvQWCr3kjEY2NKdHh/7A==",
      "license": "MIT",
      "bin": {
        "markstay": "bin/cli.js"
      },
      "engines": {
        "node": ">=22"
      }
    }
  }
}
